
Microsoft Visual Studio Solution File, Format Version 12.00
# Visual Studio Version 17
VisualStudioVersion = 17.13.35806.99 d17.13
MinimumVisualStudioVersion = 10.0.40219.1
Project("{FAE04EC0-301F-11D3-BF4B-00C04F79EFBC}") = "ConsoleApp1", "ConsoleApp1\ConsoleApp1.csproj", "{40F31C6B-0125-48D5-AE3B-400AF2DC177F}"
EndProject
Global
	GlobalSection(SolutionConfigurationPlatforms) = preSolution
		Debug|Any CPU = Debug|Any CPU
		Release|Any CPU = Release|Any CPU
	EndGlobalSection
	GlobalSection(ProjectConfigurationPlatforms) = postSolution
		{40F31C6B-0125-48D5-AE3B-400AF2DC177F}.Debug|Any CPU.ActiveCfg = Debug|Any CPU
		{40F31C6B-0125-48D5-AE3B-400AF2DC177F}.Debug|Any CPU.Build.0 = Debug|Any CPU
		{40F31C6B-0125-48D5-AE3B-400AF2DC177F}.Release|Any CPU.ActiveCfg = Release|Any CPU
		{40F31C6B-0125-48D5-AE3B-400AF2DC177F}.Release|Any CPU.Build.0 = Release|Any CPU
	EndGlobalSection
	GlobalSection(SolutionProperties) = preSolution
		HideSolutionNode = FALSE
	EndGlobalSection
	GlobalSection(ExtensibilityGlobals) = postSolution
		SolutionGuid = {795F48DA-78BB-4544-BA68-0FA6562F19B8}
	EndGlobalSection
EndGlobal
